
Microsoft Visual Studio Solution File, Format Version 12.00
# Visual Studio Version 17
VisualStudioVersion = 17.9.34728.123
MinimumVisualStudioVersion = 10.0.40219.1
Project("{FAE04EC0-301F-11D3-BF4B-00C04F79EFBC}") = "media", "media.csproj", "{06AB3B44-828B-4E42-ACAE-B4AD0C88BEFD}"
EndProject
Global
	GlobalSection(SolutionConfigurationPlatforms) = preSolution
		Debug|Any CPU = Debug|Any CPU
		Release|Any CPU = Release|Any CPU
	EndGlobalSection
	GlobalSection(ProjectConfigurationPlatforms) = postSolution
		{06AB3B44-828B-4E42-ACAE-B4AD0C88BEFD}.Debug|Any CPU.ActiveCfg = Debug|Any CPU
		{06AB3B44-828B-4E42-ACAE-B4AD0C88BEFD}.Debug|Any CPU.Build.0 = Debug|Any CPU
		{06AB3B44-828B-4E42-ACAE-B4AD0C88BEFD}.Release|Any CPU.ActiveCfg = Release|Any CPU
		{06AB3B44-828B-4E42-ACAE-B4AD0C88BEFD}.Release|Any CPU.Build.0 = Release|Any CPU
	EndGlobalSection
	GlobalSection(SolutionProperties) = preSolution
		HideSolutionNode = FALSE
	EndGlobalSection
	GlobalSection(ExtensibilityGlobals) = postSolution
		SolutionGuid = {BACAAD11-7E81-432F-9EC5-7B1F6EF30083}
	EndGlobalSection
EndGlobal
